
Microsoft Visual Studio Solution File, Format Version 12.00
# Visual Studio Version 16
VisualStudioVersion = 16.0.31702.278
MinimumVisualStudioVersion = 10.0.40219.1
Project("{FAE04EC0-301F-11D3-BF4B-00C04F79EFBC}") = "RevitAPITraining_Duct", "RevitAPITraining_Duct\RevitAPITraining_Duct.csproj", "{273B3CA2-60D3-4378-87FF-9DF5CE983CD2}"
EndProject
Project("{FAE04EC0-301F-11D3-BF4B-00C04F79EFBC}") = "RevitAPITrainingLibrary", "..\RevitAPITrainingLibrary\RevitAPITrainingLibrary\RevitAPITrainingLibrary.csproj", "{9195AF86-204C-405B-810B-79EE923FB8C0}"
EndProject
Global
	GlobalSection(SolutionConfigurationPlatforms) = preSolution
		Debug|Any CPU = Debug|Any CPU
		Release|Any CPU = Release|Any CPU
	EndGlobalSection
	GlobalSection(ProjectConfigurationPlatforms) = postSolution
		{273B3CA2-60D3-4378-87FF-9DF5CE983CD2}.Debug|Any CPU.ActiveCfg = Debug|Any CPU
		{273B3CA2-60D3-4378-87FF-9DF5CE983CD2}.Debug|Any CPU.Build.0 = Debug|Any CPU
		{273B3CA2-60D3-4378-87FF-9DF5CE983CD2}.Release|Any CPU.ActiveCfg = Release|Any CPU
		{273B3CA2-60D3-4378-87FF-9DF5CE983CD2}.Release|Any CPU.Build.0 = Release|Any CPU
		{9195AF86-204C-405B-810B-79EE923FB8C0}.Debug|Any CPU.ActiveCfg = Debug|Any CPU
		{9195AF86-204C-405B-810B-79EE923FB8C0}.Debug|Any CPU.Build.0 = Debug|Any CPU
		{9195AF86-204C-405B-810B-79EE923FB8C0}.Release|Any CPU.ActiveCfg = Release|Any CPU
		{9195AF86-204C-405B-810B-79EE923FB8C0}.Release|Any CPU.Build.0 = Release|Any CPU
	EndGlobalSection
	GlobalSection(SolutionProperties) = preSolution
		HideSolutionNode = FALSE
	EndGlobalSection
	GlobalSection(ExtensibilityGlobals) = postSolution
		SolutionGuid = {B004B3C2-4046-4D6C-8614-F06FCBD55E58}
	EndGlobalSection
EndGlobal
